
Microsoft Visual Studio Solution File, Format Version 12.00
Project("{FAE04EC0-301F-11D3-BF4B-00C04F79EFBC}") = "Lab1_v2", "Lab1_v2\Lab1_v2.csproj", "{7C37453D-C385-4EB3-B19D-24F1CBCAF98C}"
EndProject
Project("{FAE04EC0-301F-11D3-BF4B-00C04F79EFBC}") = "Lab1_v2Tests", "Lab1_v2Tests\Lab1_v2Tests.csproj", "{8ADD9961-751E-4F99-9A8C-DA44E67DFC99}"
EndProject
Global
	GlobalSection(SolutionConfigurationPlatforms) = preSolution
		Debug|Any CPU = Debug|Any CPU
		Release|Any CPU = Release|Any CPU
	EndGlobalSection
	GlobalSection(ProjectConfigurationPlatforms) = postSolution
		{7C37453D-C385-4EB3-B19D-24F1CBCAF98C}.Debug|Any CPU.ActiveCfg = Debug|Any CPU
		{7C37453D-C385-4EB3-B19D-24F1CBCAF98C}.Debug|Any CPU.Build.0 = Debug|Any CPU
		{7C37453D-C385-4EB3-B19D-24F1CBCAF98C}.Release|Any CPU.ActiveCfg = Release|Any CPU
		{7C37453D-C385-4EB3-B19D-24F1CBCAF98C}.Release|Any CPU.Build.0 = Release|Any CPU
		{8ADD9961-751E-4F99-9A8C-DA44E67DFC99}.Debug|Any CPU.ActiveCfg = Debug|Any CPU
		{8ADD9961-751E-4F99-9A8C-DA44E67DFC99}.Debug|Any CPU.Build.0 = Debug|Any CPU
		{8ADD9961-751E-4F99-9A8C-DA44E67DFC99}.Release|Any CPU.ActiveCfg = Release|Any CPU
		{8ADD9961-751E-4F99-9A8C-DA44E67DFC99}.Release|Any CPU.Build.0 = Release|Any CPU
	EndGlobalSection
EndGlobal
